# @generated by Move, please check-in and do not edit manually.

[move]
version = 3
manifest_digest = "2126192732EDAE94B1A28C92F73F8CDEFA66CF037042CB766721EB173C8F844B"
deps_digest = "F9B494B64F0615AED0E98FC12A85B85ECD2BC5185C22D30E7F67786BB52E507C"
dependencies = [
  { id = "MoveStdlib", name = "MoveStdlib" },
  { id = "Sui", name = "Sui" },
  { id = "Switchboard", name = "Switchboard" },
  { id = "X_oracle", name = "X_oracle" },
]

[[move.package]]
id = "MoveStdlib"
source = { git = "https://github.com/MystenLabs/sui.git", rev = "testnet", subdir = "crates/sui-framework/packages/move-stdlib" }

[[move.package]]
id = "Sui"
source = { git = "https://github.com/MystenLabs/sui.git", rev = "testnet", subdir = "crates/sui-framework/packages/sui-framework" }

dependencies = [
  { id = "MoveStdlib", name = "MoveStdlib" },
]

[[move.package]]
id = "Switchboard"
source = { git = "https://github.com/switchboard-xyz/sui.git", rev = "testnet", subdir = "on_demand/" }

dependencies = [
  { id = "Sui", name = "Sui" },
]

[[move.package]]
id = "X_oracle"
source = { local = "../x_oracle" }

dependencies = [
  { id = "MoveStdlib", name = "MoveStdlib" },
  { id = "Sui", name = "Sui" },
]

[move.toolchain-version]
compiler-version = "1.44.3"
edition = "2024"
flavor = "sui"

[env]

[env.testnet]
chain-id = "4c78adac"
original-published-id = "0x7e9008d99b8959b7f311bcf4b6b5cb2ad90b257a8b229d40c55ef577df4959e5"
latest-published-id = "0x7e9008d99b8959b7f311bcf4b6b5cb2ad90b257a8b229d40c55ef577df4959e5"
published-version = "1"
