# @generated by Move, please check-in and do not edit manually.

[move]
version = 3
manifest_digest = "2BFF5A354CD4F0CE9C2D59C9500A4A64073247FA9D6A34EB3A80CFE39C0EF206"
deps_digest = "3C4103934B1E040BB6B23F1D610B4EF9F2F1166A50A104EADCF77467C004C600"
dependencies = [
  { id = "MoveStdlib", name = "MoveStdlib" },
  { id = "Sui", name = "Sui" },
]

[[move.package]]
id = "MoveStdlib"
source = { git = "https://github.com/MystenLabs/sui.git", rev = "testnet", subdir = "crates/sui-framework/packages/move-stdlib" }

[[move.package]]
id = "Sui"
source = { git = "https://github.com/MystenLabs/sui.git", rev = "testnet", subdir = "crates/sui-framework/packages/sui-framework" }

dependencies = [
  { id = "MoveStdlib", name = "MoveStdlib" },
]

[move.toolchain-version]
compiler-version = "1.44.3"
edition = "2024"
flavor = "sui"

[env]

[env.testnet]
chain-id = "4c78adac"
original-published-id = "0xb81ea3e55d7863e19879c2b5ebe494df1a33cb40f7b288955ff2989af2e77bc8"
latest-published-id = "0xb81ea3e55d7863e19879c2b5ebe494df1a33cb40f7b288955ff2989af2e77bc8"
published-version = "1"
